
Microsoft Visual Studio Solution File, Format Version 12.00
# Visual Studio Version 16
VisualStudioVersion = 16.0.30114.105
MinimumVisualStudioVersion = 10.0.40219.1
Project("{FAE04EC0-301F-11D3-BF4B-00C04F79EFBC}") = "HubSwitcher.UI", "HubSwitcher.UI\HubSwitcher.UI.csproj", "{D70B9A94-5ED4-4DB1-A257-FE77B106F6E7}"
EndProject
Project("{FAE04EC0-301F-11D3-BF4B-00C04F79EFBC}") = "HubSwitcher.UI.Library", "HubSwitcher.UI.Library\HubSwitcher.UI.Library.csproj", "{BD186AB8-0BB6-4A0C-A4ED-D7C9D7727D02}"
EndProject
Project("{FAE04EC0-301F-11D3-BF4B-00C04F79EFBC}") = "HubSwitcher.Data", "HubSwitcher.Data\HubSwitcher.Data.csproj", "{AA0CA2AB-755C-4849-A8A2-41B8460DCBC1}"
EndProject
Project("{FAE04EC0-301F-11D3-BF4B-00C04F79EFBC}") = "HubSwitcher.Domain", "HubSwitcher.Domain\HubSwitcher.Domain.csproj", "{7F87F077-68C7-4DD0-A3C9-785381363494}"
EndProject
Project("{FAE04EC0-301F-11D3-BF4B-00C04F79EFBC}") = "HubSwitcher.Domain.Library", "HubSwitcher.Domain.Library\HubSwitcher.Domain.Library.csproj", "{7DC76694-AC89-443E-B82F-0ED1C0CCEFA9}"
EndProject
Global
	GlobalSection(SolutionConfigurationPlatforms) = preSolution
		Debug|Any CPU = Debug|Any CPU
		Release|Any CPU = Release|Any CPU
	EndGlobalSection
	GlobalSection(ProjectConfigurationPlatforms) = postSolution
		{D70B9A94-5ED4-4DB1-A257-FE77B106F6E7}.Debug|Any CPU.ActiveCfg = Debug|Any CPU
		{D70B9A94-5ED4-4DB1-A257-FE77B106F6E7}.Debug|Any CPU.Build.0 = Debug|Any CPU
		{D70B9A94-5ED4-4DB1-A257-FE77B106F6E7}.Release|Any CPU.ActiveCfg = Release|Any CPU
		{D70B9A94-5ED4-4DB1-A257-FE77B106F6E7}.Release|Any CPU.Build.0 = Release|Any CPU
		{BD186AB8-0BB6-4A0C-A4ED-D7C9D7727D02}.Debug|Any CPU.ActiveCfg = Debug|Any CPU
		{BD186AB8-0BB6-4A0C-A4ED-D7C9D7727D02}.Debug|Any CPU.Build.0 = Debug|Any CPU
		{BD186AB8-0BB6-4A0C-A4ED-D7C9D7727D02}.Release|Any CPU.ActiveCfg = Release|Any CPU
		{BD186AB8-0BB6-4A0C-A4ED-D7C9D7727D02}.Release|Any CPU.Build.0 = Release|Any CPU
		{AA0CA2AB-755C-4849-A8A2-41B8460DCBC1}.Debug|Any CPU.ActiveCfg = Debug|Any CPU
		{AA0CA2AB-755C-4849-A8A2-41B8460DCBC1}.Debug|Any CPU.Build.0 = Debug|Any CPU
		{AA0CA2AB-755C-4849-A8A2-41B8460DCBC1}.Release|Any CPU.ActiveCfg = Release|Any CPU
		{AA0CA2AB-755C-4849-A8A2-41B8460DCBC1}.Release|Any CPU.Build.0 = Release|Any CPU
		{7F87F077-68C7-4DD0-A3C9-785381363494}.Debug|Any CPU.ActiveCfg = Debug|Any CPU
		{7F87F077-68C7-4DD0-A3C9-785381363494}.Debug|Any CPU.Build.0 = Debug|Any CPU
		{7F87F077-68C7-4DD0-A3C9-785381363494}.Release|Any CPU.ActiveCfg = Release|Any CPU
		{7F87F077-68C7-4DD0-A3C9-785381363494}.Release|Any CPU.Build.0 = Release|Any CPU
		{7DC76694-AC89-443E-B82F-0ED1C0CCEFA9}.Debug|Any CPU.ActiveCfg = Debug|Any CPU
		{7DC76694-AC89-443E-B82F-0ED1C0CCEFA9}.Debug|Any CPU.Build.0 = Debug|Any CPU
		{7DC76694-AC89-443E-B82F-0ED1C0CCEFA9}.Release|Any CPU.ActiveCfg = Release|Any CPU
		{7DC76694-AC89-443E-B82F-0ED1C0CCEFA9}.Release|Any CPU.Build.0 = Release|Any CPU
	EndGlobalSection
	GlobalSection(SolutionProperties) = preSolution
		HideSolutionNode = FALSE
	EndGlobalSection
	GlobalSection(ExtensibilityGlobals) = postSolution
		SolutionGuid = {0C6B8EBC-F904-47A9-A29D-E52187D1A134}
	EndGlobalSection
EndGlobal
